
Microsoft Visual Studio Solution File, Format Version 12.00
# Visual Studio Version 16
VisualStudioVersion = 16.0.29721.120
MinimumVisualStudioVersion = 10.0.40219.1
Project("{9A19103F-16F7-4668-BE54-9A1E7A4F7556}") = "Rido.DeviceClientFactory", "Rido.DeviceClientFactory\Rido.DeviceClientFactory.csproj", "{4F0DB4E6-84BA-49C4-851B-559687CE81ED}"
EndProject
Project("{9A19103F-16F7-4668-BE54-9A1E7A4F7556}") = "Tests", "Tests\Tests.csproj", "{C594B239-CE63-4360-B87F-B1A2089C1847}"
EndProject
Project("{FAE04EC0-301F-11D3-BF4B-00C04F79EFBC}") = "TestDevice", "TestDevice\TestDevice.csproj", "{C7FD1E5B-A23B-4A4E-9EE9-FBCF4CB5033E}"
EndProject
Global
	GlobalSection(SolutionConfigurationPlatforms) = preSolution
		Debug|Any CPU = Debug|Any CPU
		Release|Any CPU = Release|Any CPU
	EndGlobalSection
	GlobalSection(ProjectConfigurationPlatforms) = postSolution
		{4F0DB4E6-84BA-49C4-851B-559687CE81ED}.Debug|Any CPU.ActiveCfg = Debug|Any CPU
		{4F0DB4E6-84BA-49C4-851B-559687CE81ED}.Debug|Any CPU.Build.0 = Debug|Any CPU
		{4F0DB4E6-84BA-49C4-851B-559687CE81ED}.Release|Any CPU.ActiveCfg = Release|Any CPU
		{4F0DB4E6-84BA-49C4-851B-559687CE81ED}.Release|Any CPU.Build.0 = Release|Any CPU
		{C594B239-CE63-4360-B87F-B1A2089C1847}.Debug|Any CPU.ActiveCfg = Debug|Any CPU
		{C594B239-CE63-4360-B87F-B1A2089C1847}.Debug|Any CPU.Build.0 = Debug|Any CPU
		{C594B239-CE63-4360-B87F-B1A2089C1847}.Release|Any CPU.ActiveCfg = Release|Any CPU
		{C594B239-CE63-4360-B87F-B1A2089C1847}.Release|Any CPU.Build.0 = Release|Any CPU
		{C7FD1E5B-A23B-4A4E-9EE9-FBCF4CB5033E}.Debug|Any CPU.ActiveCfg = Debug|Any CPU
		{C7FD1E5B-A23B-4A4E-9EE9-FBCF4CB5033E}.Debug|Any CPU.Build.0 = Debug|Any CPU
		{C7FD1E5B-A23B-4A4E-9EE9-FBCF4CB5033E}.Release|Any CPU.ActiveCfg = Release|Any CPU
		{C7FD1E5B-A23B-4A4E-9EE9-FBCF4CB5033E}.Release|Any CPU.Build.0 = Release|Any CPU
	EndGlobalSection
	GlobalSection(SolutionProperties) = preSolution
		HideSolutionNode = FALSE
	EndGlobalSection
	GlobalSection(ExtensibilityGlobals) = postSolution
		SolutionGuid = {8E84FD79-A1ED-4F18-95E7-F34AEB448EBC}
	EndGlobalSection
EndGlobal
