
Microsoft Visual Studio Solution File, Format Version 12.00
# Visual Studio Version 16
VisualStudioVersion = 16.0.29721.120
MinimumVisualStudioVersion = 10.0.40219.1
Project("{9A19103F-16F7-4668-BE54-9A1E7A4F7556}") = "Rido.DeviceClientFactory", "Rido.DeviceClientFactory\Rido.DeviceClientFactory.csproj", "{4F0DB4E6-84BA-49C4-851B-559687CE81ED}"
EndProject
Project("{2150E333-8FDC-42A3-9474-1A3956D46DE8}") = "Solution Items", "Solution Items", "{073C841D-33C0-4F8A-A56F-BEBDDF0C6D8A}"
	ProjectSection(SolutionItems) = preProject
		README.md = README.md
	EndProjectSection
EndProject
Project("{9A19103F-16F7-4668-BE54-9A1E7A4F7556}") = "Tests", "Tests\Tests.csproj", "{EC67D3E4-2152-4071-85AA-C8D9666E2C3F}"
EndProject
Project("{9A19103F-16F7-4668-BE54-9A1E7A4F7556}") = "dps-client", "dps-client\dps-client.csproj", "{D3F4DAA2-6B9A-480B-B8CB-B8D6CEC3066F}"
EndProject
Project("{FAE04EC0-301F-11D3-BF4B-00C04F79EFBC}") = "dps-client-func", "dps-client-func\dps-client-func.csproj", "{D5C7B501-F08D-4E6F-AE85-AD270D467ED3}"
EndProject
Global
	GlobalSection(SolutionConfigurationPlatforms) = preSolution
		Debug|Any CPU = Debug|Any CPU
		Release|Any CPU = Release|Any CPU
	EndGlobalSection
	GlobalSection(ProjectConfigurationPlatforms) = postSolution
		{4F0DB4E6-84BA-49C4-851B-559687CE81ED}.Debug|Any CPU.ActiveCfg = Debug|Any CPU
		{4F0DB4E6-84BA-49C4-851B-559687CE81ED}.Debug|Any CPU.Build.0 = Debug|Any CPU
		{4F0DB4E6-84BA-49C4-851B-559687CE81ED}.Release|Any CPU.ActiveCfg = Release|Any CPU
		{4F0DB4E6-84BA-49C4-851B-559687CE81ED}.Release|Any CPU.Build.0 = Release|Any CPU
		{EC67D3E4-2152-4071-85AA-C8D9666E2C3F}.Debug|Any CPU.ActiveCfg = Debug|Any CPU
		{EC67D3E4-2152-4071-85AA-C8D9666E2C3F}.Debug|Any CPU.Build.0 = Debug|Any CPU
		{EC67D3E4-2152-4071-85AA-C8D9666E2C3F}.Release|Any CPU.ActiveCfg = Release|Any CPU
		{EC67D3E4-2152-4071-85AA-C8D9666E2C3F}.Release|Any CPU.Build.0 = Release|Any CPU
		{D3F4DAA2-6B9A-480B-B8CB-B8D6CEC3066F}.Debug|Any CPU.ActiveCfg = Debug|Any CPU
		{D3F4DAA2-6B9A-480B-B8CB-B8D6CEC3066F}.Debug|Any CPU.Build.0 = Debug|Any CPU
		{D3F4DAA2-6B9A-480B-B8CB-B8D6CEC3066F}.Release|Any CPU.ActiveCfg = Release|Any CPU
		{D3F4DAA2-6B9A-480B-B8CB-B8D6CEC3066F}.Release|Any CPU.Build.0 = Release|Any CPU
		{D5C7B501-F08D-4E6F-AE85-AD270D467ED3}.Debug|Any CPU.ActiveCfg = Debug|Any CPU
		{D5C7B501-F08D-4E6F-AE85-AD270D467ED3}.Debug|Any CPU.Build.0 = Debug|Any CPU
		{D5C7B501-F08D-4E6F-AE85-AD270D467ED3}.Release|Any CPU.ActiveCfg = Release|Any CPU
		{D5C7B501-F08D-4E6F-AE85-AD270D467ED3}.Release|Any CPU.Build.0 = Release|Any CPU
	EndGlobalSection
	GlobalSection(SolutionProperties) = preSolution
		HideSolutionNode = FALSE
	EndGlobalSection
	GlobalSection(ExtensibilityGlobals) = postSolution
		SolutionGuid = {8E84FD79-A1ED-4F18-95E7-F34AEB448EBC}
	EndGlobalSection
EndGlobal
